// !$*UTF8*$!
{
	archiveVersion = 1;
	classes = {
	};
	objectVersion = 50;
	objects = {

/* Begin PBXBuildFile section */
		0E81E1C823A7560B001D12D6 /* AppDelegate.m in Sources */ = {isa = PBXBuildFile; fileRef = 0E81E1C723A7560B001D12D6 /* AppDelegate.m */; };
		0E81E1CB23A7560B001D12D6 /* SceneDelegate.m in Sources */ = {isa = PBXBuildFile; fileRef = 0E81E1CA23A7560B001D12D6 /* SceneDelegate.m */; };
		0E81E1CE23A7560B001D12D6 /* ViewController.m in Sources */ = {isa = PBXBuildFile; fileRef = 0E81E1CD23A7560B001D12D6 /* ViewController.m */; };
		0E81E1D123A7560B001D12D6 /* Main.storyboard in Resources */ = {isa = PBXBuildFile; fileRef = 0E81E1CF23A7560B001D12D6 /* Main.storyboard */; };
		0E81E1D323A75612001D12D6 /* Assets.xcassets in Resources */ = {isa = PBXBuildFile; fileRef = 0E81E1D223A75612001D12D6 /* Assets.xcassets */; };
		0E81E1D623A75612001D12D6 /* LaunchScreen.storyboard in Resources */ = {isa = PBXBuildFile; fileRef = 0E81E1D423A75612001D12D6 /* LaunchScreen.storyboard */; };
		0E81E1D923A75612001D12D6 /* main.m in Sources */ = {isa = PBXBuildFile; fileRef = 0E81E1D823A75612001D12D6 /* main.m */; };
		0E81E1E323A75612001D12D6 /* GithubTestTests.m in Sources */ = {isa = PBXBuildFile; fileRef = 0E81E1E223A75612001D12D6 /* GithubTestTests.m */; };
		0E81E1EE23A75612001D12D6 /* GithubTestUITests.m in Sources */ = {isa = PBXBuildFile; fileRef = 0E81E1ED23A75612001D12D6 /* GithubTestUITests.m */; };
/* End PBXBuildFile section */

/* Begin PBXContainerItemProxy section */
		0E81E1DF23A75612001D12D6 /* PBXContainerItemProxy */ = {
			isa = PBXContainerItemProxy;
			containerPortal = 0E81E1BB23A7560B001D12D6 /* Project object */;
			proxyType = 1;
			remoteGlobalIDString = 0E81E1C223A7560B001D12D6;
			remoteInfo = GithubTest;
		};
		0E81E1EA23A75612001D12D6 /* PBXContainerItemProxy */ = {
			isa = PBXContainerItemProxy;
			containerPortal = 0E81E1BB23A7560B001D12D6 /* Project object */;
			proxyType = 1;
			remoteGlobalIDString = 0E81E1C223A7560B001D12D6;
			remoteInfo = GithubTest;
		};
/* End PBXContainerItemProxy section */

/* Begin PBXFileReference section */
		0E81E1C323A7560B001D12D6 /* GithubTest.app */ = {isa = PBXFileReference; explicitFileType = wrapper.application; includeInIndex = 0; path = GithubTest.app; sourceTree = BUILT_PRODUCTS_DIR; };
		0E81E1C623A7560B001D12D6 /* AppDelegate.h */ = {isa = PBXFileReference; lastKnownFileType = sourcecode.c.h; path = AppDelegate.h; sourceTree = "<group>"; };
		0E81E1C723A7560B001D12D6 /* AppDelegate.m */ = {isa = PBXFileReference; lastKnownFileType = sourcecode.c.objc; path = AppDelegate.m; sourceTree = "<group>"; };
		0E81E1C923A7560B001D12D6 /* SceneDelegate.h */ = {isa = PBXFileReference; lastKnownFileType = sourcecode.c.h; path = SceneDelegate.h; sourceTree = "<group>"; };
		0E81E1CA23A7560B001D12D6 /* SceneDelegate.m */ = {isa = PBXFileReference; lastKnownFileType = sourcecode.c.objc; path = SceneDelegate.m; sourceTree = "<group>"; };
		0E81E1CC23A7560B001D12D6 /* ViewController.h */ = {isa = PBXFileReference; lastKnownFileType = sourcecode.c.h; path = ViewController.h; sourceTree = "<group>"; };
		0E81E1CD23A7560B001D12D6 /* ViewController.m */ = {isa = PBXFileReference; lastKnownFileType = sourcecode.c.objc; path = ViewController.m; sourceTree = "<group>"; };
		0E81E1D023A7560B001D12D6 /* Base */ = {isa = PBXFileReference; lastKnownFileType = file.storyboard; name = Base; path = Base.lproj/Main.storyboard; sourceTree = "<group>"; };
		0E81E1D223A75612001D12D6 /* Assets.xcassets */ = {isa = PBXFileReference; lastKnownFileType = folder.assetcatalog; path = Assets.xcassets; sourceTree = "<group>"; };
		0E81E1D523A75612001D12D6 /* Base */ = {isa = PBXFileReference; lastKnownFileType = file.storyboard; name = Base; path = Base.lproj/LaunchScreen.storyboard; sourceTree = "<group>"; };
		0E81E1D723A75612001D12D6 /* Info.plist */ = {isa = PBXFileReference; lastKnownFileType = text.plist.xml; path = Info.plist; sourceTree = "<group>"; };
		0E81E1D823A75612001D12D6 /* main.m */ = {isa = PBXFileReference; lastKnownFileType = sourcecode.c.objc; path = main.m; sourceTree = "<group>"; };
		0E81E1DE23A75612001D12D6 /* GithubTestTests.xctest */ = {isa = PBXFileReference; explicitFileType = wrapper.cfbundle; includeInIndex = 0; path = GithubTestTests.xctest; sourceTree = BUILT_PRODUCTS_DIR; };
		0E81E1E223A75612001D12D6 /* GithubTestTests.m */ = {isa = PBXFileReference; lastKnownFileType = sourcecode.c.objc; path = GithubTestTests.m; sourceTree = "<group>"; };
		0E81E1E423A75612001D12D6 /* Info.plist */ = {isa = PBXFileReference; lastKnownFileType = text.plist.xml; path = Info.plist; sourceTree = "<group>"; };
		0E81E1E923A75612001D12D6 /* GithubTestUITests.xctest */ = {isa = PBXFileReference; explicitFileType = wrapper.cfbundle; includeInIndex = 0; path = GithubTestUITests.xctest; sourceTree = BUILT_PRODUCTS_DIR; };
		0E81E1ED23A75612001D12D6 /* GithubTestUITests.m */ = {isa = PBXFileReference; lastKnownFileType = sourcecode.c.objc; path = GithubTestUITests.m; sourceTree = "<group>"; };
		0E81E1EF23A75612001D12D6 /* Info.plist */ = {isa = PBXFileReference; lastKnownFileType = text.plist.xml; path = Info.plist; sourceTree = "<group>"; };
/* End PBXFileReference section */

/* Begin PBXFrameworksBuildPhase section */
		0E81E1C023A7560B001D12D6 /* Frameworks */ = {
			isa = PBXFrameworksBuildPhase;
			buildActionMask = 2147483647;
			files = (
			);
			runOnlyForDeploymentPostprocessing = 0;
		};
		0E81E1DB23A75612001D12D6 /* Frameworks */ = {
			isa = PBXFrameworksBuildPhase;
			buildActionMask = 2147483647;
			files = (
			);
			runOnlyForDeploymentPostprocessing = 0;
		};
		0E81E1E623A75612001D12D6 /* Frameworks */ = {
			isa = PBXFrameworksBuildPhase;
			buildActionMask = 2147483647;
			files = (
			);
			runOnlyForDeploymentPostprocessing = 0;
		};
/* End PBXFrameworksBuildPhase section */

/* Begin PBXGroup section */
		0E81E1BA23A7560B001D12D6 = {
			isa = PBXGroup;
			children = (
				0E81E1C523A7560B001D12D6 /* GithubTest */,
				0E81E1E123A75612001D12D6 /* GithubTestTests */,
				0E81E1EC23A75612001D12D6 /* GithubTestUITests */,
				0E81E1C423A7560B001D12D6 /* Products */,
			);
			sourceTree = "<group>";
		};
		0E81E1C423A7560B001D12D6 /* Products */ = {
			isa = PBXGroup;
			children = (
				0E81E1C323A7560B001D12D6 /* GithubTest.app */,
				0E81E1DE23A75612001D12D6 /* GithubTestTests.xctest */,
				0E81E1E923A75612001D12D6 /* GithubTestUITests.xctest */,
			);
			name = Products;
			sourceTree = "<group>";
		};
		0E81E1C523A7560B001D12D6 /* GithubTest */ = {
			isa = PBXGroup;
			children = (
				0E81E1C623A7560B001D12D6 /* AppDelegate.h */,
				0E81E1C723A7560B001D12D6 /* AppDelegate.m */,
				0E81E1C923A7560B001D12D6 /* SceneDelegate.h */,
				0E81E1CA23A7560B001D12D6 /* SceneDelegate.m */,
				0E81E1CC23A7560B001D12D6 /* ViewController.h */,
				0E81E1CD23A7560B001D12D6 /* ViewController.m */,
				0E81E1CF23A7560B001D12D6 /* Main.storyboard */,
				0E81E1D223A75612001D12D6 /* Assets.xcassets */,
				0E81E1D423A75612001D12D6 /* LaunchScreen.storyboard */,
				0E81E1D723A75612001D12D6 /* Info.plist */,
				0E81E1D823A75612001D12D6 /* main.m */,
			);
			path = GithubTest;
			sourceTree = "<group>";
		};
		0E81E1E123A75612001D12D6 /* GithubTestTests */ = {
			isa = PBXGroup;
			children = (
				0E81E1E223A75612001D12D6 /* GithubTestTests.m */,
				0E81E1E423A75612001D12D6 /* Info.plist */,
			);
			path = GithubTestTests;
			sourceTree = "<group>";
		};
		0E81E1EC23A75612001D12D6 /* GithubTestUITests */ = {
			isa = PBXGroup;
			children = (
				0E81E1ED23A75612001D12D6 /* GithubTestUITests.m */,
				0E81E1EF23A75612001D12D6 /* Info.plist */,
			);
			path = GithubTestUITests;
			sourceTree = "<group>";
		};
/* End PBXGroup section */

/* Begin PBXNativeTarget section */
		0E81E1C223A7560B001D12D6 /* GithubTest */ = {
			isa = PBXNativeTarget;
			buildConfigurationList = 0E81E1F223A75612001D12D6 /* Build configuration list for PBXNativeTarget "GithubTest" */;
			buildPhases = (
				0E81E1BF23A7560B001D12D6 /* Sources */,
				0E81E1C023A7560B001D12D6 /* Frameworks */,
				0E81E1C123A7560B001D12D6 /* Resources */,
			);
			buildRules = (
			);
			dependencies = (
			);
			name = GithubTest;
			productName = GithubTest;
			productReference = 0E81E1C323A7560B001D12D6 /* GithubTest.app */;
			productType = "com.apple.product-type.application";
		};
		0E81E1DD23A75612001D12D6 /* GithubTestTests */ = {
			isa = PBXNativeTarget;
			buildConfigurationList = 0E81E1F523A75612001D12D6 /* Build configuration list for PBXNativeTarget "GithubTestTests" */;
			buildPhases = (
				0E81E1DA23A75612001D12D6 /* Sources */,
				0E81E1DB23A75612001D12D6 /* Frameworks */,
				0E81E1DC23A75612001D12D6 /* Resources */,
			);
			buildRules = (
			);
			dependencies = (
				0E81E1E023A75612001D12D6 /* PBXTargetDependency */,
			);
			name = GithubTestTests;
			productName = GithubTestTests;
			productReference = 0E81E1DE23A75612001D12D6 /* GithubTestTests.xctest */;
			productType = "com.apple.product-type.bundle.unit-test";
		};
		0E81E1E823A75612001D12D6 /* GithubTestUITests */ = {
			isa = PBXNativeTarget;
			buildConfigurationList = 0E81E1F823A75612001D12D6 /* Build configuration list for PBXNativeTarget "GithubTestUITests" */;
			buildPhases = (
				0E81E1E523A75612001D12D6 /* Sources */,
				0E81E1E623A75612001D12D6 /* Frameworks */,
				0E81E1E723A75612001D12D6 /* Resources */,
			);
			buildRules = (
			);
			dependencies = (
				0E81E1EB23A75612001D12D6 /* PBXTargetDependency */,
			);
			name = GithubTestUITests;
			productName = GithubTestUITests;
			productReference = 0E81E1E923A75612001D12D6 /* GithubTestUITests.xctest */;
			productType = "com.apple.product-type.bundle.ui-testing";
		};
/* End PBXNativeTarget section */

/* Begin PBXProject section */
		0E81E1BB23A7560B001D12D6 /* Project object */ = {
			isa = PBXProject;
			attributes = {
				LastUpgradeCheck = 1130;
				ORGANIZATIONNAME = LitSu;
				TargetAttributes = {
					0E81E1C223A7560B001D12D6 = {
						CreatedOnToolsVersion = 11.3;
					};
					0E81E1DD23A75612001D12D6 = {
						CreatedOnToolsVersion = 11.3;
						TestTargetID = 0E81E1C223A7560B001D12D6;
					};
					0E81E1E823A75612001D12D6 = {
						CreatedOnToolsVersion = 11.3;
						TestTargetID = 0E81E1C223A7560B001D12D6;
					};
				};
			};
			buildConfigurationList = 0E81E1BE23A7560B001D12D6 /* Build configuration list for PBXProject "GithubTest" */;
			compatibilityVersion = "Xcode 9.3";
			developmentRegion = en;
			hasScannedForEncodings = 0;
			knownRegions = (
				en,
				Base,
			);
			mainGroup = 0E81E1BA23A7560B001D12D6;
			productRefGroup = 0E81E1C423A7560B001D12D6 /* Products */;
			projectDirPath = "";
			projectRoot = "";
			targets = (
				0E81E1C223A7560B001D12D6 /* GithubTest */,
				0E81E1DD23A75612001D12D6 /* GithubTestTests */,
				0E81E1E823A75612001D12D6 /* GithubTestUITests */,
			);
		};
/* End PBXProject section */

/* Begin PBXResourcesBuildPhase section */
		0E81E1C123A7560B001D12D6 /* Resources */ = {
			isa = PBXResourcesBuildPhase;
			buildActionMask = 2147483647;
			files = (
				0E81E1D623A75612001D12D6 /* LaunchScreen.storyboard in Resources */,
				0E81E1D323A75612001D12D6 /* Assets.xcassets in Resources */,
				0E81E1D123A7560B001D12D6 /* Main.storyboard in Resources */,
			);
			runOnlyForDeploymentPostprocessing = 0;
		};
		0E81E1DC23A75612001D12D6 /* Resources */ = {
			isa = PBXResourcesBuildPhase;
			buildActionMask = 2147483647;
			files = (
			);
			runOnlyForDeploymentPostprocessing = 0;
		};
		0E81E1E723A75612001D12D6 /* Resources */ = {
			isa = PBXResourcesBuildPhase;
			buildActionMask = 2147483647;
			files = (
			);
			runOnlyForDeploymentPostprocessing = 0;
		};
/* End PBXResourcesBuildPhase section */

/* Begin PBXSourcesBuildPhase section */
		0E81E1BF23A7560B001D12D6 /* Sources */ = {
			isa = PBXSourcesBuildPhase;
			buildActionMask = 2147483647;
			files = (
				0E81E1CE23A7560B001D12D6 /* ViewController.m in Sources */,
				0E81E1C823A7560B001D12D6 /* AppDelegate.m in Sources */,
				0E81E1D923A75612001D12D6 /* main.m in Sources */,
				0E81E1CB23A7560B001D12D6 /* SceneDelegate.m in Sources */,
			);
			runOnlyForDeploymentPostprocessing = 0;
		};
		0E81E1DA23A75612001D12D6 /* Sources */ = {
			isa = PBXSourcesBuildPhase;
			buildActionMask = 2147483647;
			files = (
				0E81E1E323A75612001D12D6 /* GithubTestTests.m in Sources */,
			);
			runOnlyForDeploymentPostprocessing = 0;
		};
		0E81E1E523A75612001D12D6 /* Sources */ = {
			isa = PBXSourcesBuildPhase;
			buildActionMask = 2147483647;
			files = (
				0E81E1EE23A75612001D12D6 /* GithubTestUITests.m in Sources */,
			);
			runOnlyForDeploymentPostprocessing = 0;
		};
/* End PBXSourcesBuildPhase section */

/* Begin PBXTargetDependency section */
		0E81E1E023A75612001D12D6 /* PBXTargetDependency */ = {
			isa = PBXTargetDependency;
			target = 0E81E1C223A7560B001D12D6 /* GithubTest */;
			targetProxy = 0E81E1DF23A75612001D12D6 /* PBXContainerItemProxy */;
		};
		0E81E1EB23A75612001D12D6 /* PBXTargetDependency */ = {
			isa = PBXTargetDependency;
			target = 0E81E1C223A7560B001D12D6 /* GithubTest */;
			targetProxy = 0E81E1EA23A75612001D12D6 /* PBXContainerItemProxy */;
		};
/* End PBXTargetDependency section */

/* Begin PBXVariantGroup section */
		0E81E1CF23A7560B001D12D6 /* Main.storyboard */ = {
			isa = PBXVariantGroup;
			children = (
				0E81E1D023A7560B001D12D6 /* Base */,
			);
			name = Main.storyboard;
			sourceTree = "<group>";
		};
		0E81E1D423A75612001D12D6 /* LaunchScreen.storyboard */ = {
			isa = PBXVariantGroup;
			children = (
				0E81E1D523A75612001D12D6 /* Base */,
			);
			name = LaunchScreen.storyboard;
			sourceTree = "<group>";
		};
/* End PBXVariantGroup section */

/* Begin XCBuildConfiguration section */
		0E81E1F023A75612001D12D6 /* Debug */ = {
			isa = XCBuildConfiguration;
			buildSettings = {
				ALWAYS_SEARCH_USER_PATHS = NO;
				CLANG_ANALYZER_NONNULL = YES;
				CLANG_ANALYZER_NUMBER_OBJECT_CONVERSION = YES_AGGRESSIVE;
				CLANG_CXX_LANGUAGE_STANDARD = "gnu++14";
				CLANG_CXX_LIBRARY = "libc++";
				CLANG_ENABLE_MODULES = YES;
				CLANG_ENABLE_OBJC_ARC = YES;
				CLANG_ENABLE_OBJC_WEAK = YES;
				CLANG_WARN_BLOCK_CAPTURE_AUTORELEASING = YES;
				CLANG_WARN_BOOL_CONVERSION = YES;
				CLANG_WARN_COMMA = YES;
				CLANG_WARN_CONSTANT_CONVERSION = YES;
				CLANG_WARN_DEPRECATED_OBJC_IMPLEMENTATIONS = YES;
				CLANG_WARN_DIRECT_OBJC_ISA_USAGE = YES_ERROR;
				CLANG_WARN_DOCUMENTATION_COMMENTS = YES;
				CLANG_WARN_EMPTY_BODY = YES;
				CLANG_WARN_ENUM_CONVERSION = YES;
				CLANG_WARN_INFINITE_RECURSION = YES;
				CLANG_WARN_INT_CONVERSION = YES;
				CLANG_WARN_NON_LITERAL_NULL_CONVERSION = YES;
				CLANG_WARN_OBJC_IMPLICIT_RETAIN_SELF = YES;
				CLANG_WARN_OBJC_LITERAL_CONVERSION = YES;
				CLANG_WARN_OBJC_ROOT_CLASS = YES_ERROR;
				CLANG_WARN_RANGE_LOOP_ANALYSIS = YES;
				CLANG_WARN_STRICT_PROTOTYPES = YES;
				CLANG_WARN_SUSPICIOUS_MOVE = YES;
				CLANG_WARN_UNGUARDED_AVAILABILITY = YES_AGGRESSIVE;
				CLANG_WARN_UNREACHABLE_CODE = YES;
				CLANG_WARN__DUPLICATE_METHOD_MATCH = YES;
				COPY_PHASE_STRIP = NO;
				DEBUG_INFORMATION_FORMAT = dwarf;
				ENABLE_STRICT_OBJC_MSGSEND = YES;
				ENABLE_TESTABILITY = YES;
				GCC_C_LANGUAGE_STANDARD = gnu11;
				GCC_DYNAMIC_NO_PIC = NO;
				GCC_NO_COMMON_BLOCKS = YES;
				GCC_OPTIMIZATION_LEVEL = 0;
				GCC_PREPROCESSOR_DEFINITIONS = (
					"DEBUG=1",
					"$(inherited)",
				);
				GCC_WARN_64_TO_32_BIT_CONVERSION = YES;
				GCC_WARN_ABOUT_RETURN_TYPE = YES_ERROR;
				GCC_WARN_UNDECLARED_SELECTOR = YES;
				GCC_WARN_UNINITIALIZED_AUTOS = YES_AGGRESSIVE;
				GCC_WARN_UNUSED_FUNCTION = YES;
				GCC_WARN_UNUSED_VARIABLE = YES;
				IPHONEOS_DEPLOYMENT_TARGET = 13.2;
				MTL_ENABLE_DEBUG_INFO = INCLUDE_SOURCE;
				MTL_FAST_MATH = YES;
				ONLY_ACTIVE_ARCH = YES;
				SDKROOT = iphoneos;
			};
			name = Debug;
		};
		0E81E1F123A75612001D12D6 /* Release */ = {
			isa = XCBuildConfiguration;
			buildSettings = {
				ALWAYS_SEARCH_USER_PATHS = NO;
				CLANG_ANALYZER_NONNULL = YES;
				CLANG_ANALYZER_NUMBER_OBJECT_CONVERSION = YES_AGGRESSIVE;
				CLANG_CXX_LANGUAGE_STANDARD = "gnu++14";
				CLANG_CXX_LIBRARY = "libc++";
				CLANG_ENABLE_MODULES = YES;
				CLANG_ENABLE_OBJC_ARC = YES;
				CLANG_ENABLE_OBJC_WEAK = YES;
				CLANG_WARN_BLOCK_CAPTURE_AUTORELEASING = YES;
				CLANG_WARN_BOOL_CONVERSION = YES;
				CLANG_WARN_COMMA = YES;
				CLANG_WARN_CONSTANT_CONVERSION = YES;
				CLANG_WARN_DEPRECATED_OBJC_IMPLEMENTATIONS = YES;
				CLANG_WARN_DIRECT_OBJC_ISA_USAGE = YES_ERROR;
				CLANG_WARN_DOCUMENTATION_COMMENTS = YES;
				CLANG_WARN_EMPTY_BODY = YES;
				CLANG_WARN_ENUM_CONVERSION = YES;
				CLANG_WARN_INFINITE_RECURSION = YES;
				CLANG_WARN_INT_CONVERSION = YES;
				CLANG_WARN_NON_LITERAL_NULL_CONVERSION = YES;
				CLANG_WARN_OBJC_IMPLICIT_RETAIN_SELF = YES;
				CLANG_WARN_OBJC_LITERAL_CONVERSION = YES;
				CLANG_WARN_OBJC_ROOT_CLASS = YES_ERROR;
				CLANG_WARN_RANGE_LOOP_ANALYSIS = YES;
				CLANG_WARN_STRICT_PROTOTYPES = YES;
				CLANG_WARN_SUSPICIOUS_MOVE = YES;
				CLANG_WARN_UNGUARDED_AVAILABILITY = YES_AGGRESSIVE;
				CLANG_WARN_UNREACHABLE_CODE = YES;
				CLANG_WARN__DUPLICATE_METHOD_MATCH = YES;
				COPY_PHASE_STRIP = NO;
				DEBUG_INFORMATION_FORMAT = "dwarf-with-dsym";
				ENABLE_NS_ASSERTIONS = NO;
				ENABLE_STRICT_OBJC_MSGSEND = YES;
				GCC_C_LANGUAGE_STANDARD = gnu11;
				GCC_NO_COMMON_BLOCKS = YES;
				GCC_WARN_64_TO_32_BIT_CONVERSION = YES;
				GCC_WARN_ABOUT_RETURN_TYPE = YES_ERROR;
				GCC_WARN_UNDECLARED_SELECTOR = YES;
				GCC_WARN_UNINITIALIZED_AUTOS = YES_AGGRESSIVE;
				GCC_WARN_UNUSED_FUNCTION = YES;
				GCC_WARN_UNUSED_VARIABLE = YES;
				IPHONEOS_DEPLOYMENT_TARGET = 13.2;
				MTL_ENABLE_DEBUG_INFO = NO;
				MTL_FAST_MATH = YES;
				SDKROOT = iphoneos;
				VALIDATE_PRODUCT = YES;
			};
			name = Release;
		};
		0E81E1F323A75612001D12D6 /* Debug */ = {
			isa = XCBuildConfiguration;
			buildSettings = {
				ASSETCATALOG_COMPILER_APPICON_NAME = AppIcon;
				CODE_SIGN_STYLE = Automatic;
				INFOPLIST_FILE = GithubTest/Info.plist;
				LD_RUNPATH_SEARCH_PATHS = (
					"$(inherited)",
					"@executable_path/Frameworks",
				);
				PRODUCT_BUNDLE_IDENTIFIER = com.fanle.org.GithubTest;
				PRODUCT_NAME = "$(TARGET_NAME)";
				TARGETED_DEVICE_FAMILY = "1,2";
			};
			name = Debug;
		};
		0E81E1F423A75612001D12D6 /* Release */ = {
			isa = XCBuildConfiguration;
			buildSettings = {
				ASSETCATALOG_COMPILER_APPICON_NAME = AppIcon;
				CODE_SIGN_STYLE = Automatic;
				INFOPLIST_FILE = GithubTest/Info.plist;
				LD_RUNPATH_SEARCH_PATHS = (
					"$(inherited)",
					"@executable_path/Frameworks",
				);
				PRODUCT_BUNDLE_IDENTIFIER = com.fanle.org.GithubTest;
				PRODUCT_NAME = "$(TARGET_NAME)";
				TARGETED_DEVICE_FAMILY = "1,2";
			};
			name = Release;
		};
		0E81E1F623A75612001D12D6 /* Debug */ = {
			isa = XCBuildConfiguration;
			buildSettings = {
				BUNDLE_LOADER = "$(TEST_HOST)";
				CODE_SIGN_STYLE = Automatic;
				INFOPLIST_FILE = GithubTestTests/Info.plist;
				IPHONEOS_DEPLOYMENT_TARGET = 13.2;
				LD_RUNPATH_SEARCH_PATHS = (
					"$(inherited)",
					"@executable_path/Frameworks",
					"@loader_path/Frameworks",
				);
				PRODUCT_BUNDLE_IDENTIFIER = com.fanle.org.GithubTestTests;
				PRODUCT_NAME = "$(TARGET_NAME)";
				TARGETED_DEVICE_FAMILY = "1,2";
				TEST_HOST = "$(BUILT_PRODUCTS_DIR)/GithubTest.app/GithubTest";
			};
			name = Debug;
		};
		0E81E1F723A75612001D12D6 /* Release */ = {
			isa = XCBuildConfiguration;
			buildSettings = {
				BUNDLE_LOADER = "$(TEST_HOST)";
				CODE_SIGN_STYLE = Automatic;
				INFOPLIST_FILE = GithubTestTests/Info.plist;
				IPHONEOS_DEPLOYMENT_TARGET = 13.2;
				LD_RUNPATH_SEARCH_PATHS = (
					"$(inherited)",
					"@executable_path/Frameworks",
					"@loader_path/Frameworks",
				);
				PRODUCT_BUNDLE_IDENTIFIER = com.fanle.org.GithubTestTests;
				PRODUCT_NAME = "$(TARGET_NAME)";
				TARGETED_DEVICE_FAMILY = "1,2";
				TEST_HOST = "$(BUILT_PRODUCTS_DIR)/GithubTest.app/GithubTest";
			};
			name = Release;
		};
		0E81E1F923A75612001D12D6 /* Debug */ = {
			isa = XCBuildConfiguration;
			buildSettings = {
				CODE_SIGN_STYLE = Automatic;
				INFOPLIST_FILE = GithubTestUITests/Info.plist;
				LD_RUNPATH_SEARCH_PATHS = (
					"$(inherited)",
					"@executable_path/Frameworks",
					"@loader_path/Frameworks",
				);
				PRODUCT_BUNDLE_IDENTIFIER = com.fanle.org.GithubTestUITests;
				PRODUCT_NAME = "$(TARGET_NAME)";
				TARGETED_DEVICE_FAMILY = "1,2";
				TEST_TARGET_NAME = GithubTest;
			};
			name = Debug;
		};
		0E81E1FA23A75612001D12D6 /* Release */ = {
			isa = XCBuildConfiguration;
			buildSettings = {
				CODE_SIGN_STYLE = Automatic;
				INFOPLIST_FILE = GithubTestUITests/Info.plist;
				LD_RUNPATH_SEARCH_PATHS = (
					"$(inherited)",
					"@executable_path/Frameworks",
					"@loader_path/Frameworks",
				);
				PRODUCT_BUNDLE_IDENTIFIER = com.fanle.org.GithubTestUITests;
				PRODUCT_NAME = "$(TARGET_NAME)";
				TARGETED_DEVICE_FAMILY = "1,2";
				TEST_TARGET_NAME = GithubTest;
			};
			name = Release;
		};
/* End XCBuildConfiguration section */

/* Begin XCConfigurationList section */
		0E81E1BE23A7560B001D12D6 /* Build configuration list for PBXProject "GithubTest" */ = {
			isa = XCConfigurationList;
			buildConfigurations = (
				0E81E1F023A75612001D12D6 /* Debug */,
				0E81E1F123A75612001D12D6 /* Release */,
			);
			defaultConfigurationIsVisible = 0;
			defaultConfigurationName = Release;
		};
		0E81E1F223A75612001D12D6 /* Build configuration list for PBXNativeTarget "GithubTest" */ = {
			isa = XCConfigurationList;
			buildConfigurations = (
				0E81E1F323A75612001D12D6 /* Debug */,
				0E81E1F423A75612001D12D6 /* Release */,
			);
			defaultConfigurationIsVisible = 0;
			defaultConfigurationName = Release;
		};
		0E81E1F523A75612001D12D6 /* Build configuration list for PBXNativeTarget "GithubTestTests" */ = {
			isa = XCConfigurationList;
			buildConfigurations = (
				0E81E1F623A75612001D12D6 /* Debug */,
				0E81E1F723A75612001D12D6 /* Release */,
			);
			defaultConfigurationIsVisible = 0;
			defaultConfigurationName = Release;
		};
		0E81E1F823A75612001D12D6 /* Build configuration list for PBXNativeTarget "GithubTestUITests" */ = {
			isa = XCConfigurationList;
			buildConfigurations = (
				0E81E1F923A75612001D12D6 /* Debug */,
				0E81E1FA23A75612001D12D6 /* Release */,
			);
			defaultConfigurationIsVisible = 0;
			defaultConfigurationName = Release;
		};
/* End XCConfigurationList section */
	};
	rootObject = 0E81E1BB23A7560B001D12D6 /* Project object */;
}
